
Microsoft Visual Studio Solution File, Format Version 12.00
Project("{FAE04EC0-301F-11D3-BF4B-00C04F79EFBC}") = "TelegramBot", "TelegramBot\TelegramBot.csproj", "{786C35CA-3FC3-4483-982E-4F0F24D9D799}"
EndProject
Project("{FAE04EC0-301F-11D3-BF4B-00C04F79EFBC}") = "TelegramBot.Infrastructure", "TelegramBot.Infrastructure\TelegramBot.Infrastructure.csproj", "{89B94C1F-6A2E-42B6-B73B-6206F40C2298}"
EndProject
Project("{FAE04EC0-301F-11D3-BF4B-00C04F79EFBC}") = "TelegramBot.Application", "TelegramBot.Application\TelegramBot.Application.csproj", "{E1128D50-5F3A-4A16-A206-D5817745EC25}"
EndProject
Global
	GlobalSection(SolutionConfigurationPlatforms) = preSolution
		Debug|Any CPU = Debug|Any CPU
		Release|Any CPU = Release|Any CPU
	EndGlobalSection
	GlobalSection(ProjectConfigurationPlatforms) = postSolution
		{786C35CA-3FC3-4483-982E-4F0F24D9D799}.Debug|Any CPU.ActiveCfg = Debug|Any CPU
		{786C35CA-3FC3-4483-982E-4F0F24D9D799}.Debug|Any CPU.Build.0 = Debug|Any CPU
		{786C35CA-3FC3-4483-982E-4F0F24D9D799}.Release|Any CPU.ActiveCfg = Release|Any CPU
		{786C35CA-3FC3-4483-982E-4F0F24D9D799}.Release|Any CPU.Build.0 = Release|Any CPU
		{89B94C1F-6A2E-42B6-B73B-6206F40C2298}.Debug|Any CPU.ActiveCfg = Debug|Any CPU
		{89B94C1F-6A2E-42B6-B73B-6206F40C2298}.Debug|Any CPU.Build.0 = Debug|Any CPU
		{89B94C1F-6A2E-42B6-B73B-6206F40C2298}.Release|Any CPU.ActiveCfg = Release|Any CPU
		{89B94C1F-6A2E-42B6-B73B-6206F40C2298}.Release|Any CPU.Build.0 = Release|Any CPU
		{E1128D50-5F3A-4A16-A206-D5817745EC25}.Debug|Any CPU.ActiveCfg = Debug|Any CPU
		{E1128D50-5F3A-4A16-A206-D5817745EC25}.Debug|Any CPU.Build.0 = Debug|Any CPU
		{E1128D50-5F3A-4A16-A206-D5817745EC25}.Release|Any CPU.ActiveCfg = Release|Any CPU
		{E1128D50-5F3A-4A16-A206-D5817745EC25}.Release|Any CPU.Build.0 = Release|Any CPU
	EndGlobalSection
EndGlobal
